
Microsoft Visual Studio Solution File, Format Version 12.00
# Visual Studio Version 16
VisualStudioVersion = 16.0.32228.343
MinimumVisualStudioVersion = 10.0.40219.1
Project("{FAE04EC0-301F-11D3-BF4B-00C04F79EFBC}") = "Gestiunea cheltuielilor v2.2", "Gestiunea cheltuielilor v2.2.csproj", "{5F4C5841-F9DF-4C09-BAD8-43E8704FB953}"
EndProject
Global
	GlobalSection(SolutionConfigurationPlatforms) = preSolution
		Debug|Any CPU = Debug|Any CPU
		Release|Any CPU = Release|Any CPU
	EndGlobalSection
	GlobalSection(ProjectConfigurationPlatforms) = postSolution
		{5F4C5841-F9DF-4C09-BAD8-43E8704FB953}.Debug|Any CPU.ActiveCfg = Debug|Any CPU
		{5F4C5841-F9DF-4C09-BAD8-43E8704FB953}.Debug|Any CPU.Build.0 = Debug|Any CPU
		{5F4C5841-F9DF-4C09-BAD8-43E8704FB953}.Release|Any CPU.ActiveCfg = Release|Any CPU
		{5F4C5841-F9DF-4C09-BAD8-43E8704FB953}.Release|Any CPU.Build.0 = Release|Any CPU
	EndGlobalSection
	GlobalSection(SolutionProperties) = preSolution
		HideSolutionNode = FALSE
	EndGlobalSection
	GlobalSection(ExtensibilityGlobals) = postSolution
		SolutionGuid = {01A1F408-73A7-40AE-872F-184AE40E76CF}
	EndGlobalSection
EndGlobal
